{
  "name": "coffee-telegram-bot",
  "version": "1.1.1",
  "lockfileVersion": 1,
  "requires": true,
  "dependencies": {
    "coffeescript": {
      "version": "2.2.4",
      "resolved": "https://registry.npmjs.org/coffeescript/-/coffeescript-2.2.4.tgz",
      "integrity": "sha512-YNi3ksTEP8AQBMlwx4TjrcSX7BMKDFaKR0czMhEIUuT8Qz3anwgYucWSYtSMX0QKxAurqq4p7annrHT5qXMaqA=="
    }
  }
}
